
Microsoft Visual Studio Solution File, Format Version 12.00
# Visual Studio Version 17
VisualStudioVersion = 17.14.36301.6
MinimumVisualStudioVersion = 10.0.40219.1
Project("{FAE04EC0-301F-11D3-BF4B-00C04F79EFBC}") = "MentorEval", "MentorEval.csproj", "{33A1B365-4230-4CD5-A83E-74B527ADB522}"
EndProject
Project("{FAE04EC0-301F-11D3-BF4B-00C04F79EFBC}") = "MentorEval.Tests", "..\MentorEval.Tests\MentorEval.Tests.csproj", "{40D3221D-3236-4E48-A5A2-1DAED37CB3F7}"
EndProject
Global
	GlobalSection(SolutionConfigurationPlatforms) = preSolution
		Debug|Any CPU = Debug|Any CPU
		Release|Any CPU = Release|Any CPU
	EndGlobalSection
	GlobalSection(ProjectConfigurationPlatforms) = postSolution
		{33A1B365-4230-4CD5-A83E-74B527ADB522}.Debug|Any CPU.ActiveCfg = Debug|Any CPU
		{33A1B365-4230-4CD5-A83E-74B527ADB522}.Debug|Any CPU.Build.0 = Debug|Any CPU
		{33A1B365-4230-4CD5-A83E-74B527ADB522}.Release|Any CPU.ActiveCfg = Release|Any CPU
		{33A1B365-4230-4CD5-A83E-74B527ADB522}.Release|Any CPU.Build.0 = Release|Any CPU
		{40D3221D-3236-4E48-A5A2-1DAED37CB3F7}.Debug|Any CPU.ActiveCfg = Debug|Any CPU
		{40D3221D-3236-4E48-A5A2-1DAED37CB3F7}.Debug|Any CPU.Build.0 = Debug|Any CPU
		{40D3221D-3236-4E48-A5A2-1DAED37CB3F7}.Release|Any CPU.ActiveCfg = Release|Any CPU
		{40D3221D-3236-4E48-A5A2-1DAED37CB3F7}.Release|Any CPU.Build.0 = Release|Any CPU
	EndGlobalSection
	GlobalSection(SolutionProperties) = preSolution
		HideSolutionNode = FALSE
	EndGlobalSection
	GlobalSection(ExtensibilityGlobals) = postSolution
		SolutionGuid = {5B938834-0C85-4158-A089-389F9FC5059E}
	EndGlobalSection
EndGlobal
